
Microsoft Visual Studio Solution File, Format Version 12.00
# Visual Studio Version 17
VisualStudioVersion = 17.13.35931.197 d17.13
MinimumVisualStudioVersion = 10.0.40219.1
Project("{FAE04EC0-301F-11D3-BF4B-00C04F79EFBC}") = "JetonAPI", "JetonAPI\JetonAPI.csproj", "{1BF6F2F7-2D45-4780-A386-CCD1AD593E4F}"
EndProject
Project("{FAE04EC0-301F-11D3-BF4B-00C04F79EFBC}") = "Business", "Business\Business.csproj", "{26425190-FEF7-4645-8BDF-6BA9B9796287}"
EndProject
Project("{FAE04EC0-301F-11D3-BF4B-00C04F79EFBC}") = "DataAccess", "DataAccess\DataAccess.csproj", "{151FDCAD-FA36-45E5-8E72-493F0D80DE37}"
EndProject
Project("{FAE04EC0-301F-11D3-BF4B-00C04F79EFBC}") = "Entities", "Entities\Entities.csproj", "{3E35E3E9-6546-4745-9306-BF54F7B6C5C0}"
EndProject
Project("{FAE04EC0-301F-11D3-BF4B-00C04F79EFBC}") = "DTOs", "DTOs\DTOs.csproj", "{B7730CB2-95DF-4B5A-8188-B50D68786AAB}"
EndProject
Global
	GlobalSection(SolutionConfigurationPlatforms) = preSolution
		Debug|Any CPU = Debug|Any CPU
		Release|Any CPU = Release|Any CPU
	EndGlobalSection
	GlobalSection(ProjectConfigurationPlatforms) = postSolution
		{1BF6F2F7-2D45-4780-A386-CCD1AD593E4F}.Debug|Any CPU.ActiveCfg = Debug|Any CPU
		{1BF6F2F7-2D45-4780-A386-CCD1AD593E4F}.Debug|Any CPU.Build.0 = Debug|Any CPU
		{1BF6F2F7-2D45-4780-A386-CCD1AD593E4F}.Release|Any CPU.ActiveCfg = Release|Any CPU
		{1BF6F2F7-2D45-4780-A386-CCD1AD593E4F}.Release|Any CPU.Build.0 = Release|Any CPU
		{26425190-FEF7-4645-8BDF-6BA9B9796287}.Debug|Any CPU.ActiveCfg = Debug|Any CPU
		{26425190-FEF7-4645-8BDF-6BA9B9796287}.Debug|Any CPU.Build.0 = Debug|Any CPU
		{26425190-FEF7-4645-8BDF-6BA9B9796287}.Release|Any CPU.ActiveCfg = Release|Any CPU
		{26425190-FEF7-4645-8BDF-6BA9B9796287}.Release|Any CPU.Build.0 = Release|Any CPU
		{151FDCAD-FA36-45E5-8E72-493F0D80DE37}.Debug|Any CPU.ActiveCfg = Debug|Any CPU
		{151FDCAD-FA36-45E5-8E72-493F0D80DE37}.Debug|Any CPU.Build.0 = Debug|Any CPU
		{151FDCAD-FA36-45E5-8E72-493F0D80DE37}.Release|Any CPU.ActiveCfg = Release|Any CPU
		{151FDCAD-FA36-45E5-8E72-493F0D80DE37}.Release|Any CPU.Build.0 = Release|Any CPU
		{3E35E3E9-6546-4745-9306-BF54F7B6C5C0}.Debug|Any CPU.ActiveCfg = Debug|Any CPU
		{3E35E3E9-6546-4745-9306-BF54F7B6C5C0}.Debug|Any CPU.Build.0 = Debug|Any CPU
		{3E35E3E9-6546-4745-9306-BF54F7B6C5C0}.Release|Any CPU.ActiveCfg = Release|Any CPU
		{3E35E3E9-6546-4745-9306-BF54F7B6C5C0}.Release|Any CPU.Build.0 = Release|Any CPU
		{B7730CB2-95DF-4B5A-8188-B50D68786AAB}.Debug|Any CPU.ActiveCfg = Debug|Any CPU
		{B7730CB2-95DF-4B5A-8188-B50D68786AAB}.Debug|Any CPU.Build.0 = Debug|Any CPU
		{B7730CB2-95DF-4B5A-8188-B50D68786AAB}.Release|Any CPU.ActiveCfg = Release|Any CPU
		{B7730CB2-95DF-4B5A-8188-B50D68786AAB}.Release|Any CPU.Build.0 = Release|Any CPU
	EndGlobalSection
	GlobalSection(SolutionProperties) = preSolution
		HideSolutionNode = FALSE
	EndGlobalSection
	GlobalSection(ExtensibilityGlobals) = postSolution
		SolutionGuid = {24B3D13F-62B8-436B-BF7C-E489A75284F4}
	EndGlobalSection
EndGlobal
